
Microsoft Visual Studio Solution File, Format Version 12.00
# Visual Studio Version 17
VisualStudioVersion = 17.8.34330.188
MinimumVisualStudioVersion = 10.0.40219.1
Project("{FAE04EC0-301F-11D3-BF4B-00C04F79EFBC}") = "PizzaGame", "PizzaGame\PizzaGame.csproj", "{FC4A2136-2E23-4A71-BB70-AA5F4CB2397D}"
EndProject
Global
	GlobalSection(SolutionConfigurationPlatforms) = preSolution
		Debug|Any CPU = Debug|Any CPU
		Release|Any CPU = Release|Any CPU
	EndGlobalSection
	GlobalSection(ProjectConfigurationPlatforms) = postSolution
		{FC4A2136-2E23-4A71-BB70-AA5F4CB2397D}.Debug|Any CPU.ActiveCfg = Debug|Any CPU
		{FC4A2136-2E23-4A71-BB70-AA5F4CB2397D}.Debug|Any CPU.Build.0 = Debug|Any CPU
		{FC4A2136-2E23-4A71-BB70-AA5F4CB2397D}.Release|Any CPU.ActiveCfg = Release|Any CPU
		{FC4A2136-2E23-4A71-BB70-AA5F4CB2397D}.Release|Any CPU.Build.0 = Release|Any CPU
	EndGlobalSection
	GlobalSection(SolutionProperties) = preSolution
		HideSolutionNode = FALSE
	EndGlobalSection
	GlobalSection(ExtensibilityGlobals) = postSolution
		SolutionGuid = {4A22C265-811D-4E26-B74A-15BE963BE004}
	EndGlobalSection
EndGlobal
